
Microsoft Visual Studio Solution File, Format Version 12.00
# Visual Studio Version 17
VisualStudioVersion = 17.5.002.0
MinimumVisualStudioVersion = 10.0.40219.1
Project("{9A19103F-16F7-4668-BE54-9A1E7A4F7556}") = "MODBClient", "src\MODBClient.csproj", "{AD9B3A93-F779-41E3-83B3-1C860198D420}"
EndProject
Project("{9A19103F-16F7-4668-BE54-9A1E7A4F7556}") = "MODBClient.Tests", "tests\MODBClient.Tests.csproj", "{6C83A6C5-A215-48ED-85B5-A08F2B93599C}"
EndProject
Global
	GlobalSection(SolutionConfigurationPlatforms) = preSolution
		Debug|Any CPU = Debug|Any CPU
		Release|Any CPU = Release|Any CPU
	EndGlobalSection
	GlobalSection(ProjectConfigurationPlatforms) = postSolution
		{AD9B3A93-F779-41E3-83B3-1C860198D420}.Debug|Any CPU.ActiveCfg = Debug|Any CPU
		{AD9B3A93-F779-41E3-83B3-1C860198D420}.Debug|Any CPU.Build.0 = Debug|Any CPU
		{AD9B3A93-F779-41E3-83B3-1C860198D420}.Release|Any CPU.ActiveCfg = Release|Any CPU
		{AD9B3A93-F779-41E3-83B3-1C860198D420}.Release|Any CPU.Build.0 = Release|Any CPU
		{6C83A6C5-A215-48ED-85B5-A08F2B93599C}.Debug|Any CPU.ActiveCfg = Debug|Any CPU
		{6C83A6C5-A215-48ED-85B5-A08F2B93599C}.Debug|Any CPU.Build.0 = Debug|Any CPU
		{6C83A6C5-A215-48ED-85B5-A08F2B93599C}.Release|Any CPU.ActiveCfg = Release|Any CPU
		{6C83A6C5-A215-48ED-85B5-A08F2B93599C}.Release|Any CPU.Build.0 = Release|Any CPU
	EndGlobalSection
	GlobalSection(SolutionProperties) = preSolution
		HideSolutionNode = FALSE
	EndGlobalSection
	GlobalSection(ExtensibilityGlobals) = postSolution
		SolutionGuid = {D1118448-39BF-451F-92B7-6D85D27A47FF}
	EndGlobalSection
EndGlobal
